// !$*UTF8*$!
{
	archiveVersion = 1;
	classes = {
	};
	objectVersion = 56;
	objects = {

/* Begin PBXBuildFile section */
		59093ECB2BD5258800064FC8 /* GoogleService-Info.plist in Resources */ = {isa = PBXBuildFile; fileRef = 59093ECA2BD5258800064FC8 /* GoogleService-Info.plist */; };
		59093ECF2BD527C700064FC8 /* FirebaseAuth in Frameworks */ = {isa = PBXBuildFile; productRef = 59093ECE2BD527C700064FC8 /* FirebaseAuth */; };
		59093ED12BD527C700064FC8 /* FirebaseFirestore in Frameworks */ = {isa = PBXBuildFile; productRef = 59093ED02BD527C700064FC8 /* FirebaseFirestore */; };
		59093ED32BD530CC00064FC8 /* AuthViewModel.swift in Sources */ = {isa = PBXBuildFile; fileRef = 59093ED22BD530CC00064FC8 /* AuthViewModel.swift */; };
		59093ED62BD5472400064FC8 /* HomeView.swift in Sources */ = {isa = PBXBuildFile; fileRef = 59093ED52BD5472400064FC8 /* HomeView.swift */; };
		59093ED82BD5473200064FC8 /* ProfileView.swift in Sources */ = {isa = PBXBuildFile; fileRef = 59093ED72BD5473200064FC8 /* ProfileView.swift */; };
		59093EDB2BD54E3200064FC8 /* UserProfileViewModel.swift in Sources */ = {isa = PBXBuildFile; fileRef = 59093EDA2BD54E3200064FC8 /* UserProfileViewModel.swift */; };
		59093EDD2BDFE6A300064FC8 /* FirebaseStorage in Frameworks */ = {isa = PBXBuildFile; productRef = 59093EDC2BDFE6A300064FC8 /* FirebaseStorage */; };
		59093EE02BDFEA1900064FC8 /* SDWebImageSwiftUI in Frameworks */ = {isa = PBXBuildFile; productRef = 59093EDF2BDFEA1900064FC8 /* SDWebImageSwiftUI */; };
		59093EE22BDFEEAD00064FC8 /* ImagePickerHomeView.swift in Sources */ = {isa = PBXBuildFile; fileRef = 59093EE12BDFEEAD00064FC8 /* ImagePickerHomeView.swift */; };
		59093EE42BDFEF4C00064FC8 /* HomeViewViewModel.swift in Sources */ = {isa = PBXBuildFile; fileRef = 59093EE32BDFEF4C00064FC8 /* HomeViewViewModel.swift */; };
		593CE0842BFFAA5A00015515 /* FollowerView.swift in Sources */ = {isa = PBXBuildFile; fileRef = 593CE0832BFFAA5A00015515 /* FollowerView.swift */; };
		593CE0862BFFAA6600015515 /* FollowingView.swift in Sources */ = {isa = PBXBuildFile; fileRef = 593CE0852BFFAA6600015515 /* FollowingView.swift */; };
		59DDAD102B4994F500183180 /* PhotoConnectApp.swift in Sources */ = {isa = PBXBuildFile; fileRef = 59DDAD0F2B4994F500183180 /* PhotoConnectApp.swift */; };
		59DDAD122B4994F500183180 /* ContentView.swift in Sources */ = {isa = PBXBuildFile; fileRef = 59DDAD112B4994F500183180 /* ContentView.swift */; };
		59DDAD142B4994F700183180 /* Assets.xcassets in Resources */ = {isa = PBXBuildFile; fileRef = 59DDAD132B4994F700183180 /* Assets.xcassets */; };
		59DDAD172B4994F700183180 /* Preview Assets.xcassets in Resources */ = {isa = PBXBuildFile; fileRef = 59DDAD162B4994F700183180 /* Preview Assets.xcassets */; };
		59DDAD212B4994F800183180 /* PhotoConnectTests.swift in Sources */ = {isa = PBXBuildFile; fileRef = 59DDAD202B4994F800183180 /* PhotoConnectTests.swift */; };
		59DDAD2B2B4994F800183180 /* PhotoConnectUITests.swift in Sources */ = {isa = PBXBuildFile; fileRef = 59DDAD2A2B4994F800183180 /* PhotoConnectUITests.swift */; };
		59DDAD2D2B4994F800183180 /* PhotoConnectUITestsLaunchTests.swift in Sources */ = {isa = PBXBuildFile; fileRef = 59DDAD2C2B4994F800183180 /* PhotoConnectUITestsLaunchTests.swift */; };
		59DDAD3A2B49977000183180 /* HomeScreen.swift in Sources */ = {isa = PBXBuildFile; fileRef = 59DDAD392B49977000183180 /* HomeScreen.swift */; };
		59DDAD3D2B49979300183180 /* LandingScreen.swift in Sources */ = {isa = PBXBuildFile; fileRef = 59DDAD3C2B49979300183180 /* LandingScreen.swift */; };
		59DDAD3F2B4997CF00183180 /* LoginScreen.swift in Sources */ = {isa = PBXBuildFile; fileRef = 59DDAD3E2B4997CF00183180 /* LoginScreen.swift */; };
		59DDAD412B4997DE00183180 /* CreateAccScreen.swift in Sources */ = {isa = PBXBuildFile; fileRef = 59DDAD402B4997DE00183180 /* CreateAccScreen.swift */; };
/* End PBXBuildFile section */

/* Begin PBXContainerItemProxy section */
		59DDAD1D2B4994F800183180 /* PBXContainerItemProxy */ = {
			isa = PBXContainerItemProxy;
			containerPortal = 59DDAD042B4994F500183180 /* Project object */;
			proxyType = 1;
			remoteGlobalIDString = 59DDAD0B2B4994F500183180;
			remoteInfo = PhotoConnect;
		};
		59DDAD272B4994F800183180 /* PBXContainerItemProxy */ = {
			isa = PBXContainerItemProxy;
			containerPortal = 59DDAD042B4994F500183180 /* Project object */;
			proxyType = 1;
			remoteGlobalIDString = 59DDAD0B2B4994F500183180;
			remoteInfo = PhotoConnect;
		};
/* End PBXContainerItemProxy section */

/* Begin PBXFileReference section */
		59093ECA2BD5258800064FC8 /* GoogleService-Info.plist */ = {isa = PBXFileReference; fileEncoding = 4; lastKnownFileType = text.plist.xml; path = "GoogleService-Info.plist"; sourceTree = "<group>"; };
		59093ED22BD530CC00064FC8 /* AuthViewModel.swift */ = {isa = PBXFileReference; lastKnownFileType = sourcecode.swift; path = AuthViewModel.swift; sourceTree = "<group>"; };
		59093ED52BD5472400064FC8 /* HomeView.swift */ = {isa = PBXFileReference; lastKnownFileType = sourcecode.swift; path = HomeView.swift; sourceTree = "<group>"; };
		59093ED72BD5473200064FC8 /* ProfileView.swift */ = {isa = PBXFileReference; lastKnownFileType = sourcecode.swift; path = ProfileView.swift; sourceTree = "<group>"; };
		59093EDA2BD54E3200064FC8 /* UserProfileViewModel.swift */ = {isa = PBXFileReference; lastKnownFileType = sourcecode.swift; path = UserProfileViewModel.swift; sourceTree = "<group>"; };
		59093EE12BDFEEAD00064FC8 /* ImagePickerHomeView.swift */ = {isa = PBXFileReference; lastKnownFileType = sourcecode.swift; path = ImagePickerHomeView.swift; sourceTree = "<group>"; };
		59093EE32BDFEF4C00064FC8 /* HomeViewViewModel.swift */ = {isa = PBXFileReference; lastKnownFileType = sourcecode.swift; path = HomeViewViewModel.swift; sourceTree = "<group>"; };
		593CE0832BFFAA5A00015515 /* FollowerView.swift */ = {isa = PBXFileReference; lastKnownFileType = sourcecode.swift; path = FollowerView.swift; sourceTree = "<group>"; };
		593CE0852BFFAA6600015515 /* FollowingView.swift */ = {isa = PBXFileReference; lastKnownFileType = sourcecode.swift; path = FollowingView.swift; sourceTree = "<group>"; };
		59DDAD0C2B4994F500183180 /* PhotoConnect.app */ = {isa = PBXFileReference; explicitFileType = wrapper.application; includeInIndex = 0; path = PhotoConnect.app; sourceTree = BUILT_PRODUCTS_DIR; };
		59DDAD0F2B4994F500183180 /* PhotoConnectApp.swift */ = {isa = PBXFileReference; lastKnownFileType = sourcecode.swift; path = PhotoConnectApp.swift; sourceTree = "<group>"; };
		59DDAD112B4994F500183180 /* ContentView.swift */ = {isa = PBXFileReference; lastKnownFileType = sourcecode.swift; path = ContentView.swift; sourceTree = "<group>"; };
		59DDAD132B4994F700183180 /* Assets.xcassets */ = {isa = PBXFileReference; lastKnownFileType = folder.assetcatalog; path = Assets.xcassets; sourceTree = "<group>"; };
		59DDAD162B4994F700183180 /* Preview Assets.xcassets */ = {isa = PBXFileReference; lastKnownFileType = folder.assetcatalog; path = "Preview Assets.xcassets"; sourceTree = "<group>"; };
		59DDAD1C2B4994F800183180 /* PhotoConnectTests.xctest */ = {isa = PBXFileReference; explicitFileType = wrapper.cfbundle; includeInIndex = 0; path = PhotoConnectTests.xctest; sourceTree = BUILT_PRODUCTS_DIR; };
		59DDAD202B4994F800183180 /* PhotoConnectTests.swift */ = {isa = PBXFileReference; lastKnownFileType = sourcecode.swift; path = PhotoConnectTests.swift; sourceTree = "<group>"; };
		59DDAD262B4994F800183180 /* PhotoConnectUITests.xctest */ = {isa = PBXFileReference; explicitFileType = wrapper.cfbundle; includeInIndex = 0; path = PhotoConnectUITests.xctest; sourceTree = BUILT_PRODUCTS_DIR; };
		59DDAD2A2B4994F800183180 /* PhotoConnectUITests.swift */ = {isa = PBXFileReference; lastKnownFileType = sourcecode.swift; path = PhotoConnectUITests.swift; sourceTree = "<group>"; };
		59DDAD2C2B4994F800183180 /* PhotoConnectUITestsLaunchTests.swift */ = {isa = PBXFileReference; lastKnownFileType = sourcecode.swift; path = PhotoConnectUITestsLaunchTests.swift; sourceTree = "<group>"; };
		59DDAD392B49977000183180 /* HomeScreen.swift */ = {isa = PBXFileReference; lastKnownFileType = sourcecode.swift; path = HomeScreen.swift; sourceTree = "<group>"; };
		59DDAD3C2B49979300183180 /* LandingScreen.swift */ = {isa = PBXFileReference; lastKnownFileType = sourcecode.swift; path = LandingScreen.swift; sourceTree = "<group>"; };
		59DDAD3E2B4997CF00183180 /* LoginScreen.swift */ = {isa = PBXFileReference; lastKnownFileType = sourcecode.swift; path = LoginScreen.swift; sourceTree = "<group>"; };
		59DDAD402B4997DE00183180 /* CreateAccScreen.swift */ = {isa = PBXFileReference; lastKnownFileType = sourcecode.swift; path = CreateAccScreen.swift; sourceTree = "<group>"; };
/* End PBXFileReference section */

/* Begin PBXFrameworksBuildPhase section */
		59DDAD092B4994F500183180 /* Frameworks */ = {
			isa = PBXFrameworksBuildPhase;
			buildActionMask = 2147483647;
			files = (
				59093EE02BDFEA1900064FC8 /* SDWebImageSwiftUI in Frameworks */,
				59093ECF2BD527C700064FC8 /* FirebaseAuth in Frameworks */,
				59093ED12BD527C700064FC8 /* FirebaseFirestore in Frameworks */,
				59093EDD2BDFE6A300064FC8 /* FirebaseStorage in Frameworks */,
			);
			runOnlyForDeploymentPostprocessing = 0;
		};
		59DDAD192B4994F800183180 /* Frameworks */ = {
			isa = PBXFrameworksBuildPhase;
			buildActionMask = 2147483647;
			files = (
			);
			runOnlyForDeploymentPostprocessing = 0;
		};
		59DDAD232B4994F800183180 /* Frameworks */ = {
			isa = PBXFrameworksBuildPhase;
			buildActionMask = 2147483647;
			files = (
			);
			runOnlyForDeploymentPostprocessing = 0;
		};
/* End PBXFrameworksBuildPhase section */

/* Begin PBXGroup section */
		59093ECD2BD527C700064FC8 /* Frameworks */ = {
			isa = PBXGroup;
			children = (
			);
			name = Frameworks;
			sourceTree = "<group>";
		};
		59093ED42BD546FC00064FC8 /* Views */ = {
			isa = PBXGroup;
			children = (
				59093ED52BD5472400064FC8 /* HomeView.swift */,
				59093ED72BD5473200064FC8 /* ProfileView.swift */,
				593CE0832BFFAA5A00015515 /* FollowerView.swift */,
				593CE0852BFFAA6600015515 /* FollowingView.swift */,
			);
			path = Views;
			sourceTree = "<group>";
		};
		59093ED92BD54E1700064FC8 /* ViewModels */ = {
			isa = PBXGroup;
			children = (
				59093ED22BD530CC00064FC8 /* AuthViewModel.swift */,
				59093EDA2BD54E3200064FC8 /* UserProfileViewModel.swift */,
				59093EE12BDFEEAD00064FC8 /* ImagePickerHomeView.swift */,
				59093EE32BDFEF4C00064FC8 /* HomeViewViewModel.swift */,
			);
			path = ViewModels;
			sourceTree = "<group>";
		};
		59DDAD032B4994F500183180 = {
			isa = PBXGroup;
			children = (
				59DDAD0E2B4994F500183180 /* PhotoConnect */,
				59DDAD1F2B4994F800183180 /* PhotoConnectTests */,
				59DDAD292B4994F800183180 /* PhotoConnectUITests */,
				59DDAD0D2B4994F500183180 /* Products */,
				59093ECD2BD527C700064FC8 /* Frameworks */,
			);
			sourceTree = "<group>";
		};
		59DDAD0D2B4994F500183180 /* Products */ = {
			isa = PBXGroup;
			children = (
				59DDAD0C2B4994F500183180 /* PhotoConnect.app */,
				59DDAD1C2B4994F800183180 /* PhotoConnectTests.xctest */,
				59DDAD262B4994F800183180 /* PhotoConnectUITests.xctest */,
			);
			name = Products;
			sourceTree = "<group>";
		};
		59DDAD0E2B4994F500183180 /* PhotoConnect */ = {
			isa = PBXGroup;
			children = (
				59DDAD152B4994F700183180 /* Preview Content */,
				59DDAD3B2B49977600183180 /* Screens */,
				59093ED92BD54E1700064FC8 /* ViewModels */,
				59093ED42BD546FC00064FC8 /* Views */,
				59093ECA2BD5258800064FC8 /* GoogleService-Info.plist */,
				59DDAD0F2B4994F500183180 /* PhotoConnectApp.swift */,
				59DDAD112B4994F500183180 /* ContentView.swift */,
				59DDAD132B4994F700183180 /* Assets.xcassets */,
			);
			path = PhotoConnect;
			sourceTree = "<group>";
		};
		59DDAD152B4994F700183180 /* Preview Content */ = {
			isa = PBXGroup;
			children = (
				59DDAD162B4994F700183180 /* Preview Assets.xcassets */,
			);
			path = "Preview Content";
			sourceTree = "<group>";
		};
		59DDAD1F2B4994F800183180 /* PhotoConnectTests */ = {
			isa = PBXGroup;
			children = (
				59DDAD202B4994F800183180 /* PhotoConnectTests.swift */,
			);
			path = PhotoConnectTests;
			sourceTree = "<group>";
		};
		59DDAD292B4994F800183180 /* PhotoConnectUITests */ = {
			isa = PBXGroup;
			children = (
				59DDAD2A2B4994F800183180 /* PhotoConnectUITests.swift */,
				59DDAD2C2B4994F800183180 /* PhotoConnectUITestsLaunchTests.swift */,
			);
			path = PhotoConnectUITests;
			sourceTree = "<group>";
		};
		59DDAD3B2B49977600183180 /* Screens */ = {
			isa = PBXGroup;
			children = (
				59DDAD3C2B49979300183180 /* LandingScreen.swift */,
				59DDAD402B4997DE00183180 /* CreateAccScreen.swift */,
				59DDAD3E2B4997CF00183180 /* LoginScreen.swift */,
				59DDAD392B49977000183180 /* HomeScreen.swift */,
			);
			path = Screens;
			sourceTree = "<group>";
		};
/* End PBXGroup section */

/* Begin PBXNativeTarget section */
		59DDAD0B2B4994F500183180 /* PhotoConnect */ = {
			isa = PBXNativeTarget;
			buildConfigurationList = 59DDAD302B4994F800183180 /* Build configuration list for PBXNativeTarget "PhotoConnect" */;
			buildPhases = (
				59DDAD082B4994F500183180 /* Sources */,
				59DDAD092B4994F500183180 /* Frameworks */,
				59DDAD0A2B4994F500183180 /* Resources */,
			);
			buildRules = (
			);
			dependencies = (
			);
			name = PhotoConnect;
			packageProductDependencies = (
				59093ECE2BD527C700064FC8 /* FirebaseAuth */,
				59093ED02BD527C700064FC8 /* FirebaseFirestore */,
				59093EDC2BDFE6A300064FC8 /* FirebaseStorage */,
				59093EDF2BDFEA1900064FC8 /* SDWebImageSwiftUI */,
			);
			productName = PhotoConnect;
			productReference = 59DDAD0C2B4994F500183180 /* PhotoConnect.app */;
			productType = "com.apple.product-type.application";
		};
		59DDAD1B2B4994F800183180 /* PhotoConnectTests */ = {
			isa = PBXNativeTarget;
			buildConfigurationList = 59DDAD332B4994F800183180 /* Build configuration list for PBXNativeTarget "PhotoConnectTests" */;
			buildPhases = (
				59DDAD182B4994F800183180 /* Sources */,
				59DDAD192B4994F800183180 /* Frameworks */,
				59DDAD1A2B4994F800183180 /* Resources */,
			);
			buildRules = (
			);
			dependencies = (
				59DDAD1E2B4994F800183180 /* PBXTargetDependency */,
			);
			name = PhotoConnectTests;
			productName = PhotoConnectTests;
			productReference = 59DDAD1C2B4994F800183180 /* PhotoConnectTests.xctest */;
			productType = "com.apple.product-type.bundle.unit-test";
		};
		59DDAD252B4994F800183180 /* PhotoConnectUITests */ = {
			isa = PBXNativeTarget;
			buildConfigurationList = 59DDAD362B4994F800183180 /* Build configuration list for PBXNativeTarget "PhotoConnectUITests" */;
			buildPhases = (
				59DDAD222B4994F800183180 /* Sources */,
				59DDAD232B4994F800183180 /* Frameworks */,
				59DDAD242B4994F800183180 /* Resources */,
			);
			buildRules = (
			);
			dependencies = (
				59DDAD282B4994F800183180 /* PBXTargetDependency */,
			);
			name = PhotoConnectUITests;
			productName = PhotoConnectUITests;
			productReference = 59DDAD262B4994F800183180 /* PhotoConnectUITests.xctest */;
			productType = "com.apple.product-type.bundle.ui-testing";
		};
/* End PBXNativeTarget section */

/* Begin PBXProject section */
		59DDAD042B4994F500183180 /* Project object */ = {
			isa = PBXProject;
			attributes = {
				BuildIndependentTargetsInParallel = 1;
				LastSwiftUpdateCheck = 1500;
				LastUpgradeCheck = 1500;
				TargetAttributes = {
					59DDAD0B2B4994F500183180 = {
						CreatedOnToolsVersion = 15.0.1;
					};
					59DDAD1B2B4994F800183180 = {
						CreatedOnToolsVersion = 15.0.1;
						TestTargetID = 59DDAD0B2B4994F500183180;
					};
					59DDAD252B4994F800183180 = {
						CreatedOnToolsVersion = 15.0.1;
						TestTargetID = 59DDAD0B2B4994F500183180;
					};
				};
			};
			buildConfigurationList = 59DDAD072B4994F500183180 /* Build configuration list for PBXProject "PhotoConnect" */;
			compatibilityVersion = "Xcode 14.0";
			developmentRegion = en;
			hasScannedForEncodings = 0;
			knownRegions = (
				en,
				Base,
			);
			mainGroup = 59DDAD032B4994F500183180;
			packageReferences = (
				59093ECC2BD5261100064FC8 /* XCRemoteSwiftPackageReference "firebase-ios-sdk" */,
				59093EDE2BDFEA1900064FC8 /* XCRemoteSwiftPackageReference "SDWebImageSwiftUI" */,
			);
			productRefGroup = 59DDAD0D2B4994F500183180 /* Products */;
			projectDirPath = "";
			projectRoot = "";
			targets = (
				59DDAD0B2B4994F500183180 /* PhotoConnect */,
				59DDAD1B2B4994F800183180 /* PhotoConnectTests */,
				59DDAD252B4994F800183180 /* PhotoConnectUITests */,
			);
		};
/* End PBXProject section */

/* Begin PBXResourcesBuildPhase section */
		59DDAD0A2B4994F500183180 /* Resources */ = {
			isa = PBXResourcesBuildPhase;
			buildActionMask = 2147483647;
			files = (
				59DDAD172B4994F700183180 /* Preview Assets.xcassets in Resources */,
				59DDAD142B4994F700183180 /* Assets.xcassets in Resources */,
				59093ECB2BD5258800064FC8 /* GoogleService-Info.plist in Resources */,
			);
			runOnlyForDeploymentPostprocessing = 0;
		};
		59DDAD1A2B4994F800183180 /* Resources */ = {
			isa = PBXResourcesBuildPhase;
			buildActionMask = 2147483647;
			files = (
			);
			runOnlyForDeploymentPostprocessing = 0;
		};
		59DDAD242B4994F800183180 /* Resources */ = {
			isa = PBXResourcesBuildPhase;
			buildActionMask = 2147483647;
			files = (
			);
			runOnlyForDeploymentPostprocessing = 0;
		};
/* End PBXResourcesBuildPhase section */

/* Begin PBXSourcesBuildPhase section */
		59DDAD082B4994F500183180 /* Sources */ = {
			isa = PBXSourcesBuildPhase;
			buildActionMask = 2147483647;
			files = (
				59DDAD122B4994F500183180 /* ContentView.swift in Sources */,
				59093ED82BD5473200064FC8 /* ProfileView.swift in Sources */,
				59DDAD412B4997DE00183180 /* CreateAccScreen.swift in Sources */,
				59DDAD102B4994F500183180 /* PhotoConnectApp.swift in Sources */,
				59093ED32BD530CC00064FC8 /* AuthViewModel.swift in Sources */,
				59DDAD3A2B49977000183180 /* HomeScreen.swift in Sources */,
				59093ED62BD5472400064FC8 /* HomeView.swift in Sources */,
				593CE0842BFFAA5A00015515 /* FollowerView.swift in Sources */,
				59093EDB2BD54E3200064FC8 /* UserProfileViewModel.swift in Sources */,
				59DDAD3D2B49979300183180 /* LandingScreen.swift in Sources */,
				59093EE22BDFEEAD00064FC8 /* ImagePickerHomeView.swift in Sources */,
				59093EE42BDFEF4C00064FC8 /* HomeViewViewModel.swift in Sources */,
				593CE0862BFFAA6600015515 /* FollowingView.swift in Sources */,
				59DDAD3F2B4997CF00183180 /* LoginScreen.swift in Sources */,
			);
			runOnlyForDeploymentPostprocessing = 0;
		};
		59DDAD182B4994F800183180 /* Sources */ = {
			isa = PBXSourcesBuildPhase;
			buildActionMask = 2147483647;
			files = (
				59DDAD212B4994F800183180 /* PhotoConnectTests.swift in Sources */,
			);
			runOnlyForDeploymentPostprocessing = 0;
		};
		59DDAD222B4994F800183180 /* Sources */ = {
			isa = PBXSourcesBuildPhase;
			buildActionMask = 2147483647;
			files = (
				59DDAD2D2B4994F800183180 /* PhotoConnectUITestsLaunchTests.swift in Sources */,
				59DDAD2B2B4994F800183180 /* PhotoConnectUITests.swift in Sources */,
			);
			runOnlyForDeploymentPostprocessing = 0;
		};
/* End PBXSourcesBuildPhase section */

/* Begin PBXTargetDependency section */
		59DDAD1E2B4994F800183180 /* PBXTargetDependency */ = {
			isa = PBXTargetDependency;
			target = 59DDAD0B2B4994F500183180 /* PhotoConnect */;
			targetProxy = 59DDAD1D2B4994F800183180 /* PBXContainerItemProxy */;
		};
		59DDAD282B4994F800183180 /* PBXTargetDependency */ = {
			isa = PBXTargetDependency;
			target = 59DDAD0B2B4994F500183180 /* PhotoConnect */;
			targetProxy = 59DDAD272B4994F800183180 /* PBXContainerItemProxy */;
		};
/* End PBXTargetDependency section */

/* Begin XCBuildConfiguration section */
		59DDAD2E2B4994F800183180 /* Debug */ = {
			isa = XCBuildConfiguration;
			buildSettings = {
				ALWAYS_SEARCH_USER_PATHS = NO;
				ASSETCATALOG_COMPILER_GENERATE_SWIFT_ASSET_SYMBOL_EXTENSIONS = YES;
				CLANG_ANALYZER_NONNULL = YES;
				CLANG_ANALYZER_NUMBER_OBJECT_CONVERSION = YES_AGGRESSIVE;
				CLANG_CXX_LANGUAGE_STANDARD = "gnu++20";
				CLANG_ENABLE_MODULES = YES;
				CLANG_ENABLE_OBJC_ARC = YES;
				CLANG_ENABLE_OBJC_WEAK = YES;
				CLANG_WARN_BLOCK_CAPTURE_AUTORELEASING = YES;
				CLANG_WARN_BOOL_CONVERSION = YES;
				CLANG_WARN_COMMA = YES;
				CLANG_WARN_CONSTANT_CONVERSION = YES;
				CLANG_WARN_DEPRECATED_OBJC_IMPLEMENTATIONS = YES;
				CLANG_WARN_DIRECT_OBJC_ISA_USAGE = YES_ERROR;
				CLANG_WARN_DOCUMENTATION_COMMENTS = YES;
				CLANG_WARN_EMPTY_BODY = YES;
				CLANG_WARN_ENUM_CONVERSION = YES;
				CLANG_WARN_INFINITE_RECURSION = YES;
				CLANG_WARN_INT_CONVERSION = YES;
				CLANG_WARN_NON_LITERAL_NULL_CONVERSION = YES;
				CLANG_WARN_OBJC_IMPLICIT_RETAIN_SELF = YES;
				CLANG_WARN_OBJC_LITERAL_CONVERSION = YES;
				CLANG_WARN_OBJC_ROOT_CLASS = YES_ERROR;
				CLANG_WARN_QUOTED_INCLUDE_IN_FRAMEWORK_HEADER = YES;
				CLANG_WARN_RANGE_LOOP_ANALYSIS = YES;
				CLANG_WARN_STRICT_PROTOTYPES = YES;
				CLANG_WARN_SUSPICIOUS_MOVE = YES;
				CLANG_WARN_UNGUARDED_AVAILABILITY = YES_AGGRESSIVE;
				CLANG_WARN_UNREACHABLE_CODE = YES;
				CLANG_WARN__DUPLICATE_METHOD_MATCH = YES;
				COPY_PHASE_STRIP = NO;
				DEBUG_INFORMATION_FORMAT = dwarf;
				ENABLE_STRICT_OBJC_MSGSEND = YES;
				ENABLE_TESTABILITY = YES;
				ENABLE_USER_SCRIPT_SANDBOXING = YES;
				GCC_C_LANGUAGE_STANDARD = gnu17;
				GCC_DYNAMIC_NO_PIC = NO;
				GCC_NO_COMMON_BLOCKS = YES;
				GCC_OPTIMIZATION_LEVEL = 0;
				GCC_PREPROCESSOR_DEFINITIONS = (
					"DEBUG=1",
					"$(inherited)",
				);
				GCC_WARN_64_TO_32_BIT_CONVERSION = YES;
				GCC_WARN_ABOUT_RETURN_TYPE = YES_ERROR;
				GCC_WARN_UNDECLARED_SELECTOR = YES;
				GCC_WARN_UNINITIALIZED_AUTOS = YES_AGGRESSIVE;
				GCC_WARN_UNUSED_FUNCTION = YES;
				GCC_WARN_UNUSED_VARIABLE = YES;
				IPHONEOS_DEPLOYMENT_TARGET = 17.0;
				LOCALIZATION_PREFERS_STRING_CATALOGS = YES;
				MTL_ENABLE_DEBUG_INFO = INCLUDE_SOURCE;
				MTL_FAST_MATH = YES;
				ONLY_ACTIVE_ARCH = YES;
				SDKROOT = iphoneos;
				SWIFT_ACTIVE_COMPILATION_CONDITIONS = "DEBUG $(inherited)";
				SWIFT_OPTIMIZATION_LEVEL = "-Onone";
			};
			name = Debug;
		};
		59DDAD2F2B4994F800183180 /* Release */ = {
			isa = XCBuildConfiguration;
			buildSettings = {
				ALWAYS_SEARCH_USER_PATHS = NO;
				ASSETCATALOG_COMPILER_GENERATE_SWIFT_ASSET_SYMBOL_EXTENSIONS = YES;
				CLANG_ANALYZER_NONNULL = YES;
				CLANG_ANALYZER_NUMBER_OBJECT_CONVERSION = YES_AGGRESSIVE;
				CLANG_CXX_LANGUAGE_STANDARD = "gnu++20";
				CLANG_ENABLE_MODULES = YES;
				CLANG_ENABLE_OBJC_ARC = YES;
				CLANG_ENABLE_OBJC_WEAK = YES;
				CLANG_WARN_BLOCK_CAPTURE_AUTORELEASING = YES;
				CLANG_WARN_BOOL_CONVERSION = YES;
				CLANG_WARN_COMMA = YES;
				CLANG_WARN_CONSTANT_CONVERSION = YES;
				CLANG_WARN_DEPRECATED_OBJC_IMPLEMENTATIONS = YES;
				CLANG_WARN_DIRECT_OBJC_ISA_USAGE = YES_ERROR;
				CLANG_WARN_DOCUMENTATION_COMMENTS = YES;
				CLANG_WARN_EMPTY_BODY = YES;
				CLANG_WARN_ENUM_CONVERSION = YES;
				CLANG_WARN_INFINITE_RECURSION = YES;
				CLANG_WARN_INT_CONVERSION = YES;
				CLANG_WARN_NON_LITERAL_NULL_CONVERSION = YES;
				CLANG_WARN_OBJC_IMPLICIT_RETAIN_SELF = YES;
				CLANG_WARN_OBJC_LITERAL_CONVERSION = YES;
				CLANG_WARN_OBJC_ROOT_CLASS = YES_ERROR;
				CLANG_WARN_QUOTED_INCLUDE_IN_FRAMEWORK_HEADER = YES;
				CLANG_WARN_RANGE_LOOP_ANALYSIS = YES;
				CLANG_WARN_STRICT_PROTOTYPES = YES;
				CLANG_WARN_SUSPICIOUS_MOVE = YES;
				CLANG_WARN_UNGUARDED_AVAILABILITY = YES_AGGRESSIVE;
				CLANG_WARN_UNREACHABLE_CODE = YES;
				CLANG_WARN__DUPLICATE_METHOD_MATCH = YES;
				COPY_PHASE_STRIP = NO;
				DEBUG_INFORMATION_FORMAT = "dwarf-with-dsym";
				ENABLE_NS_ASSERTIONS = NO;
				ENABLE_STRICT_OBJC_MSGSEND = YES;
				ENABLE_USER_SCRIPT_SANDBOXING = YES;
				GCC_C_LANGUAGE_STANDARD = gnu17;
				GCC_NO_COMMON_BLOCKS = YES;
				GCC_WARN_64_TO_32_BIT_CONVERSION = YES;
				GCC_WARN_ABOUT_RETURN_TYPE = YES_ERROR;
				GCC_WARN_UNDECLARED_SELECTOR = YES;
				GCC_WARN_UNINITIALIZED_AUTOS = YES_AGGRESSIVE;
				GCC_WARN_UNUSED_FUNCTION = YES;
				GCC_WARN_UNUSED_VARIABLE = YES;
				IPHONEOS_DEPLOYMENT_TARGET = 17.0;
				LOCALIZATION_PREFERS_STRING_CATALOGS = YES;
				MTL_ENABLE_DEBUG_INFO = NO;
				MTL_FAST_MATH = YES;
				SDKROOT = iphoneos;
				SWIFT_COMPILATION_MODE = wholemodule;
				VALIDATE_PRODUCT = YES;
			};
			name = Release;
		};
		59DDAD312B4994F800183180 /* Debug */ = {
			isa = XCBuildConfiguration;
			buildSettings = {
				ASSETCATALOG_COMPILER_APPICON_NAME = AppIcon;
				ASSETCATALOG_COMPILER_GLOBAL_ACCENT_COLOR_NAME = AccentColor;
				CODE_SIGN_STYLE = Automatic;
				CURRENT_PROJECT_VERSION = 1;
				DEVELOPMENT_ASSET_PATHS = "\"PhotoConnect/Preview Content\"";
				DEVELOPMENT_TEAM = 9FLN6FC57K;
				ENABLE_PREVIEWS = YES;
				GENERATE_INFOPLIST_FILE = YES;
				INFOPLIST_KEY_CFBundleDisplayName = PhotoConnect;
				INFOPLIST_KEY_UIApplicationSceneManifest_Generation = YES;
				INFOPLIST_KEY_UIApplicationSupportsIndirectInputEvents = YES;
				INFOPLIST_KEY_UILaunchScreen_Generation = YES;
				INFOPLIST_KEY_UISupportedInterfaceOrientations_iPad = "UIInterfaceOrientationPortrait UIInterfaceOrientationPortraitUpsideDown UIInterfaceOrientationLandscapeLeft UIInterfaceOrientationLandscapeRight";
				INFOPLIST_KEY_UISupportedInterfaceOrientations_iPhone = "UIInterfaceOrientationPortrait UIInterfaceOrientationLandscapeLeft UIInterfaceOrientationLandscapeRight";
				LD_RUNPATH_SEARCH_PATHS = (
					"$(inherited)",
					"@executable_path/Frameworks",
				);
				MARKETING_VERSION = 1.0;
				PRODUCT_BUNDLE_IDENTIFIER = com.dennizyilmaz.PhotoConnect;
				PRODUCT_NAME = "$(TARGET_NAME)";
				SWIFT_EMIT_LOC_STRINGS = YES;
				SWIFT_VERSION = 5.0;
				TARGETED_DEVICE_FAMILY = "1,2";
			};
			name = Debug;
		};
		59DDAD322B4994F800183180 /* Release */ = {
			isa = XCBuildConfiguration;
			buildSettings = {
				ASSETCATALOG_COMPILER_APPICON_NAME = AppIcon;
				ASSETCATALOG_COMPILER_GLOBAL_ACCENT_COLOR_NAME = AccentColor;
				CODE_SIGN_STYLE = Automatic;
				CURRENT_PROJECT_VERSION = 1;
				DEVELOPMENT_ASSET_PATHS = "\"PhotoConnect/Preview Content\"";
				DEVELOPMENT_TEAM = 9FLN6FC57K;
				ENABLE_PREVIEWS = YES;
				GENERATE_INFOPLIST_FILE = YES;
				INFOPLIST_KEY_CFBundleDisplayName = PhotoConnect;
				INFOPLIST_KEY_UIApplicationSceneManifest_Generation = YES;
				INFOPLIST_KEY_UIApplicationSupportsIndirectInputEvents = YES;
				INFOPLIST_KEY_UILaunchScreen_Generation = YES;
				INFOPLIST_KEY_UISupportedInterfaceOrientations_iPad = "UIInterfaceOrientationPortrait UIInterfaceOrientationPortraitUpsideDown UIInterfaceOrientationLandscapeLeft UIInterfaceOrientationLandscapeRight";
				INFOPLIST_KEY_UISupportedInterfaceOrientations_iPhone = "UIInterfaceOrientationPortrait UIInterfaceOrientationLandscapeLeft UIInterfaceOrientationLandscapeRight";
				LD_RUNPATH_SEARCH_PATHS = (
					"$(inherited)",
					"@executable_path/Frameworks",
				);
				MARKETING_VERSION = 1.0;
				PRODUCT_BUNDLE_IDENTIFIER = com.dennizyilmaz.PhotoConnect;
				PRODUCT_NAME = "$(TARGET_NAME)";
				SWIFT_EMIT_LOC_STRINGS = YES;
				SWIFT_VERSION = 5.0;
				TARGETED_DEVICE_FAMILY = "1,2";
			};
			name = Release;
		};
		59DDAD342B4994F800183180 /* Debug */ = {
			isa = XCBuildConfiguration;
			buildSettings = {
				ALWAYS_EMBED_SWIFT_STANDARD_LIBRARIES = YES;
				BUNDLE_LOADER = "$(TEST_HOST)";
				CODE_SIGN_STYLE = Automatic;
				CURRENT_PROJECT_VERSION = 1;
				DEVELOPMENT_TEAM = 9FLN6FC57K;
				GENERATE_INFOPLIST_FILE = YES;
				IPHONEOS_DEPLOYMENT_TARGET = 17.0;
				MARKETING_VERSION = 1.0;
				PRODUCT_BUNDLE_IDENTIFIER = com.dennizyilmaz.PhotoConnectTests;
				PRODUCT_NAME = "$(TARGET_NAME)";
				SWIFT_EMIT_LOC_STRINGS = NO;
				SWIFT_VERSION = 5.0;
				TARGETED_DEVICE_FAMILY = "1,2";
				TEST_HOST = "$(BUILT_PRODUCTS_DIR)/PhotoConnect.app/$(BUNDLE_EXECUTABLE_FOLDER_PATH)/PhotoConnect";
			};
			name = Debug;
		};
		59DDAD352B4994F800183180 /* Release */ = {
			isa = XCBuildConfiguration;
			buildSettings = {
				ALWAYS_EMBED_SWIFT_STANDARD_LIBRARIES = YES;
				BUNDLE_LOADER = "$(TEST_HOST)";
				CODE_SIGN_STYLE = Automatic;
				CURRENT_PROJECT_VERSION = 1;
				DEVELOPMENT_TEAM = 9FLN6FC57K;
				GENERATE_INFOPLIST_FILE = YES;
				IPHONEOS_DEPLOYMENT_TARGET = 17.0;
				MARKETING_VERSION = 1.0;
				PRODUCT_BUNDLE_IDENTIFIER = com.dennizyilmaz.PhotoConnectTests;
				PRODUCT_NAME = "$(TARGET_NAME)";
				SWIFT_EMIT_LOC_STRINGS = NO;
				SWIFT_VERSION = 5.0;
				TARGETED_DEVICE_FAMILY = "1,2";
				TEST_HOST = "$(BUILT_PRODUCTS_DIR)/PhotoConnect.app/$(BUNDLE_EXECUTABLE_FOLDER_PATH)/PhotoConnect";
			};
			name = Release;
		};
		59DDAD372B4994F800183180 /* Debug */ = {
			isa = XCBuildConfiguration;
			buildSettings = {
				ALWAYS_EMBED_SWIFT_STANDARD_LIBRARIES = YES;
				CODE_SIGN_STYLE = Automatic;
				CURRENT_PROJECT_VERSION = 1;
				DEVELOPMENT_TEAM = 9FLN6FC57K;
				GENERATE_INFOPLIST_FILE = YES;
				MARKETING_VERSION = 1.0;
				PRODUCT_BUNDLE_IDENTIFIER = com.dennizyilmaz.PhotoConnectUITests;
				PRODUCT_NAME = "$(TARGET_NAME)";
				SWIFT_EMIT_LOC_STRINGS = NO;
				SWIFT_VERSION = 5.0;
				TARGETED_DEVICE_FAMILY = "1,2";
				TEST_TARGET_NAME = PhotoConnect;
			};
			name = Debug;
		};
		59DDAD382B4994F800183180 /* Release */ = {
			isa = XCBuildConfiguration;
			buildSettings = {
				ALWAYS_EMBED_SWIFT_STANDARD_LIBRARIES = YES;
				CODE_SIGN_STYLE = Automatic;
				CURRENT_PROJECT_VERSION = 1;
				DEVELOPMENT_TEAM = 9FLN6FC57K;
				GENERATE_INFOPLIST_FILE = YES;
				MARKETING_VERSION = 1.0;
				PRODUCT_BUNDLE_IDENTIFIER = com.dennizyilmaz.PhotoConnectUITests;
				PRODUCT_NAME = "$(TARGET_NAME)";
				SWIFT_EMIT_LOC_STRINGS = NO;
				SWIFT_VERSION = 5.0;
				TARGETED_DEVICE_FAMILY = "1,2";
				TEST_TARGET_NAME = PhotoConnect;
			};
			name = Release;
		};
/* End XCBuildConfiguration section */

/* Begin XCConfigurationList section */
		59DDAD072B4994F500183180 /* Build configuration list for PBXProject "PhotoConnect" */ = {
			isa = XCConfigurationList;
			buildConfigurations = (
				59DDAD2E2B4994F800183180 /* Debug */,
				59DDAD2F2B4994F800183180 /* Release */,
			);
			defaultConfigurationIsVisible = 0;
			defaultConfigurationName = Release;
		};
		59DDAD302B4994F800183180 /* Build configuration list for PBXNativeTarget "PhotoConnect" */ = {
			isa = XCConfigurationList;
			buildConfigurations = (
				59DDAD312B4994F800183180 /* Debug */,
				59DDAD322B4994F800183180 /* Release */,
			);
			defaultConfigurationIsVisible = 0;
			defaultConfigurationName = Release;
		};
		59DDAD332B4994F800183180 /* Build configuration list for PBXNativeTarget "PhotoConnectTests" */ = {
			isa = XCConfigurationList;
			buildConfigurations = (
				59DDAD342B4994F800183180 /* Debug */,
				59DDAD352B4994F800183180 /* Release */,
			);
			defaultConfigurationIsVisible = 0;
			defaultConfigurationName = Release;
		};
		59DDAD362B4994F800183180 /* Build configuration list for PBXNativeTarget "PhotoConnectUITests" */ = {
			isa = XCConfigurationList;
			buildConfigurations = (
				59DDAD372B4994F800183180 /* Debug */,
				59DDAD382B4994F800183180 /* Release */,
			);
			defaultConfigurationIsVisible = 0;
			defaultConfigurationName = Release;
		};
/* End XCConfigurationList section */

/* Begin XCRemoteSwiftPackageReference section */
		59093ECC2BD5261100064FC8 /* XCRemoteSwiftPackageReference "firebase-ios-sdk" */ = {
			isa = XCRemoteSwiftPackageReference;
			repositoryURL = "https://github.com/firebase/firebase-ios-sdk";
			requirement = {
				kind = upToNextMajorVersion;
				minimumVersion = 10.24.0;
			};
		};
		59093EDE2BDFEA1900064FC8 /* XCRemoteSwiftPackageReference "SDWebImageSwiftUI" */ = {
			isa = XCRemoteSwiftPackageReference;
			repositoryURL = "https://github.com/SDWebImage/SDWebImageSwiftUI";
			requirement = {
				kind = upToNextMajorVersion;
				minimumVersion = 3.0.4;
			};
		};
/* End XCRemoteSwiftPackageReference section */

/* Begin XCSwiftPackageProductDependency section */
		59093ECE2BD527C700064FC8 /* FirebaseAuth */ = {
			isa = XCSwiftPackageProductDependency;
			package = 59093ECC2BD5261100064FC8 /* XCRemoteSwiftPackageReference "firebase-ios-sdk" */;
			productName = FirebaseAuth;
		};
		59093ED02BD527C700064FC8 /* FirebaseFirestore */ = {
			isa = XCSwiftPackageProductDependency;
			package = 59093ECC2BD5261100064FC8 /* XCRemoteSwiftPackageReference "firebase-ios-sdk" */;
			productName = FirebaseFirestore;
		};
		59093EDC2BDFE6A300064FC8 /* FirebaseStorage */ = {
			isa = XCSwiftPackageProductDependency;
			package = 59093ECC2BD5261100064FC8 /* XCRemoteSwiftPackageReference "firebase-ios-sdk" */;
			productName = FirebaseStorage;
		};
		59093EDF2BDFEA1900064FC8 /* SDWebImageSwiftUI */ = {
			isa = XCSwiftPackageProductDependency;
			package = 59093EDE2BDFEA1900064FC8 /* XCRemoteSwiftPackageReference "SDWebImageSwiftUI" */;
			productName = SDWebImageSwiftUI;
		};
/* End XCSwiftPackageProductDependency section */
	};
	rootObject = 59DDAD042B4994F500183180 /* Project object */;
}
